
Microsoft Visual Studio Solution File, Format Version 12.00
# Visual Studio Version 17
VisualStudioVersion = 17.3.32922.545
MinimumVisualStudioVersion = 10.0.40219.1
Project("{FAE04EC0-301F-11D3-BF4B-00C04F79EFBC}") = "ConsoleApp17", "ConsoleApp17.csproj", "{3068D51A-E61C-407E-B2DC-7882CB527395}"
EndProject
Global
	GlobalSection(SolutionConfigurationPlatforms) = preSolution
		Debug|Any CPU = Debug|Any CPU
		Release|Any CPU = Release|Any CPU
	EndGlobalSection
	GlobalSection(ProjectConfigurationPlatforms) = postSolution
		{3068D51A-E61C-407E-B2DC-7882CB527395}.Debug|Any CPU.ActiveCfg = Debug|Any CPU
		{3068D51A-E61C-407E-B2DC-7882CB527395}.Debug|Any CPU.Build.0 = Debug|Any CPU
		{3068D51A-E61C-407E-B2DC-7882CB527395}.Release|Any CPU.ActiveCfg = Release|Any CPU
		{3068D51A-E61C-407E-B2DC-7882CB527395}.Release|Any CPU.Build.0 = Release|Any CPU
	EndGlobalSection
	GlobalSection(SolutionProperties) = preSolution
		HideSolutionNode = FALSE
	EndGlobalSection
	GlobalSection(ExtensibilityGlobals) = postSolution
		SolutionGuid = {755769EE-BC8F-45E0-A2E8-9B7264580096}
	EndGlobalSection
EndGlobal
